
Microsoft Visual Studio Solution File, Format Version 12.00
# Visual Studio Version 16
VisualStudioVersion = 25.0.1706.14
MinimumVisualStudioVersion = 10.0.40219.1
Project("{FAE04EC0-301F-11D3-BF4B-00C04F79EFBC}") = "QniLogger", "QniLogger\QniLogger.csproj", "{6CA8E79F-F2E1-435C-ACD8-3591D3D409D4}"
EndProject
Global
	GlobalSection(SolutionConfigurationPlatforms) = preSolution
		Debug|Any CPU = Debug|Any CPU
		Release|Any CPU = Release|Any CPU
	EndGlobalSection
	GlobalSection(ProjectConfigurationPlatforms) = postSolution
		{6CA8E79F-F2E1-435C-ACD8-3591D3D409D4}.Debug|Any CPU.ActiveCfg = Debug|Any CPU
		{6CA8E79F-F2E1-435C-ACD8-3591D3D409D4}.Debug|Any CPU.Build.0 = Debug|Any CPU
		{6CA8E79F-F2E1-435C-ACD8-3591D3D409D4}.Release|Any CPU.ActiveCfg = Release|Any CPU
		{6CA8E79F-F2E1-435C-ACD8-3591D3D409D4}.Release|Any CPU.Build.0 = Release|Any CPU
	EndGlobalSection
	GlobalSection(SolutionProperties) = preSolution
		HideSolutionNode = FALSE
	EndGlobalSection
	GlobalSection(ExtensibilityGlobals) = postSolution
		SolutionGuid = {1F690032-5BB5-4093-ACFA-FFD722F52730}
	EndGlobalSection
EndGlobal
